
Microsoft Visual Studio Solution File, Format Version 12.00
# Visual Studio Version 17
VisualStudioVersion = 17.0.31919.166
MinimumVisualStudioVersion = 10.0.40219.1
Project("{9A19103F-16F7-4668-BE54-9A1E7A4F7556}") = "VicShop.Api", "VicShop.Api\VicShop.Api.csproj", "{A8619A24-1A80-4BA9-9FA9-0453D9BB1DDC}"
EndProject
Project("{9A19103F-16F7-4668-BE54-9A1E7A4F7556}") = "VicShop", "VicShop\VicShop.csproj", "{C220EC96-1931-4141-94A4-0A29DDA79BAA}"
EndProject
Project("{E53339B2-1760-4266-BCC7-CA923CBCF16C}") = "docker-compose", "docker-compose.dcproj", "{9FFD18CE-828A-4E81-B84F-C4D9009EFF49}"
EndProject
Project("{FAE04EC0-301F-11D3-BF4B-00C04F79EFBC}") = "VicShop.Web", "VicShop.Web\VicShop.Web.csproj", "{C368B395-D337-49A7-B7AE-A9BFF2CF998B}"
EndProject
Global
	GlobalSection(SolutionConfigurationPlatforms) = preSolution
		Debug|Any CPU = Debug|Any CPU
		Release|Any CPU = Release|Any CPU
	EndGlobalSection
	GlobalSection(ProjectConfigurationPlatforms) = postSolution
		{A8619A24-1A80-4BA9-9FA9-0453D9BB1DDC}.Debug|Any CPU.ActiveCfg = Debug|Any CPU
		{A8619A24-1A80-4BA9-9FA9-0453D9BB1DDC}.Debug|Any CPU.Build.0 = Debug|Any CPU
		{A8619A24-1A80-4BA9-9FA9-0453D9BB1DDC}.Release|Any CPU.ActiveCfg = Release|Any CPU
		{A8619A24-1A80-4BA9-9FA9-0453D9BB1DDC}.Release|Any CPU.Build.0 = Release|Any CPU
		{C220EC96-1931-4141-94A4-0A29DDA79BAA}.Debug|Any CPU.ActiveCfg = Debug|Any CPU
		{C220EC96-1931-4141-94A4-0A29DDA79BAA}.Debug|Any CPU.Build.0 = Debug|Any CPU
		{C220EC96-1931-4141-94A4-0A29DDA79BAA}.Release|Any CPU.ActiveCfg = Release|Any CPU
		{C220EC96-1931-4141-94A4-0A29DDA79BAA}.Release|Any CPU.Build.0 = Release|Any CPU
		{9FFD18CE-828A-4E81-B84F-C4D9009EFF49}.Debug|Any CPU.ActiveCfg = Debug|Any CPU
		{9FFD18CE-828A-4E81-B84F-C4D9009EFF49}.Debug|Any CPU.Build.0 = Debug|Any CPU
		{9FFD18CE-828A-4E81-B84F-C4D9009EFF49}.Release|Any CPU.ActiveCfg = Release|Any CPU
		{9FFD18CE-828A-4E81-B84F-C4D9009EFF49}.Release|Any CPU.Build.0 = Release|Any CPU
		{C368B395-D337-49A7-B7AE-A9BFF2CF998B}.Debug|Any CPU.ActiveCfg = Debug|Any CPU
		{C368B395-D337-49A7-B7AE-A9BFF2CF998B}.Debug|Any CPU.Build.0 = Debug|Any CPU
		{C368B395-D337-49A7-B7AE-A9BFF2CF998B}.Release|Any CPU.ActiveCfg = Release|Any CPU
		{C368B395-D337-49A7-B7AE-A9BFF2CF998B}.Release|Any CPU.Build.0 = Release|Any CPU
	EndGlobalSection
	GlobalSection(SolutionProperties) = preSolution
		HideSolutionNode = FALSE
	EndGlobalSection
	GlobalSection(ExtensibilityGlobals) = postSolution
		SolutionGuid = {58EBEDE3-1ED7-45F1-B673-005EA4358C86}
	EndGlobalSection
EndGlobal
